[[package]]
name = "babel"
version = "2.10.1"
description = "Internationalization utilities"
category = "main"
optional = false
python-versions = ">=3.6"

[package.dependencies]
pytz = ">=2015.7"

[[package]]
name = "pytz"
version = "2022.1"
description = "World timezone definitions, modern and historical"
category = "main"
optional = false
python-versions = "*"

[[package]]
name = "tkcalendar"
version = "1.6.1"
description = "Calendar and DateEntry widgets for Tkinter"
category = "main"
optional = false
python-versions = "*"

[package.dependencies]
babel = "*"

[metadata]
lock-version = "1.1"
python-versions = "^3.8"
content-hash = "77a149b564d69f67ecfa1fc357602fe9a4b2084070ae0de8a55b74d20f422aee"

[metadata.files]
babel = [
    {file = "Babel-2.10.1-py3-none-any.whl", hash = "sha256:3f349e85ad3154559ac4930c3918247d319f21910d5ce4b25d439ed8693b98d2"},
    {file = "Babel-2.10.1.tar.gz", hash = "sha256:98aeaca086133efb3e1e2aad0396987490c8425929ddbcfe0550184fdc54cd13"},
]
pytz = [
    {file = "pytz-2022.1-py2.py3-none-any.whl", hash = "sha256:e68985985296d9a66a881eb3193b0906246245294a881e7c8afe623866ac6a5c"},
    {file = "pytz-2022.1.tar.gz", hash = "sha256:1e760e2fe6a8163bc0b3d9a19c4f84342afa0a2affebfaa84b01b978a02ecaa7"},
]
tkcalendar = [
    {file = "tkcalendar-1.6.1-py3-none-any.whl", hash = "sha256:9d3a80816a7b32d64fab696fa3d2a007fb23c87953267d5e343a38ff4cd7c15c"},
    {file = "tkcalendar-1.6.1-py3.8.egg", hash = "sha256:c3ac34ab268734377ce73407893e8a5765e288aecbbb55136fb3ccea98006a96"},
    {file = "tkcalendar-1.6.1.tar.gz", hash = "sha256:5edf958c0a59429e90309e9b805b2e229192bbcab952460247204d7030eea5cf"},
]
